header:
    version: 14
overrides:
    repos:
        meta-cyclonedx:
            commit: 87758c218ca6e8fb75f38cba2b3fc9281ee690df
        meta-openembedded:
            commit: e984a3504f8b77e2a2ec852379adbace619d7c51
        meta-rauc:
            commit: 407903bebdf11ec6ddf53b7088f92ea835f9f595
        poky:
            commit: 72d932cc5b8ad99caf83e45924e81dcd58f56d20
