header:
    version: 14
overrides:
    repos:
        meta-cyclonedx:
            commit: 57804977fa4b45d138053fe794c2f4eca1465a94
        meta-openembedded:
            commit: 40445a7e32a05b46060a61c64c1ad697562a3e00
        meta-rauc:
            commit: 85007eaaf4612579365108f90ac48c364eb9a090
        poky:
            commit: ec569c235dc5eabbeb9353ab1d8e0a3eeef574e1
