header:
    version: 14
overrides:
    repos:
        meta-cyclonedx:
            commit: 87758c218ca6e8fb75f38cba2b3fc9281ee690df
        meta-openembedded:
            commit: 59f822ceb7a788a6da80eeb0ea909a03e72f81a0
        meta-rauc:
            commit: 2ee80ebc81c30d34fe7a86ef8e8e2e580f569641
        poky:
            commit: dfe34c23379f501c65abdde10b7185f0c6b48c02
